
Microsoft Visual Studio Solution File, Format Version 12.00
# Visual Studio Version 17
VisualStudioVersion = 17.9.34728.123
MinimumVisualStudioVersion = 10.0.40219.1
Project("{FAE04EC0-301F-11D3-BF4B-00C04F79EFBC}") = "LevelsRanksApi", "Api\LevelsRanksApi.csproj", "{6B84E5A6-2841-496E-99E6-3CCF993F2E3C}"
EndProject
Project("{FAE04EC0-301F-11D3-BF4B-00C04F79EFBC}") = "LVL Core", "Core\LVL Core.csproj", "{7F04FD75-6310-4AB5-9EEC-44C4F3CA1423}"
EndProject
Project("{FAE04EC0-301F-11D3-BF4B-00C04F79EFBC}") = "LR Module - FakeRank", "modules\CS2-LR-FakeRank\[LR] Module - FakeRank.csproj", "{D9781D9B-55CC-42FB-988E-34BC0F53BEFB}"
EndProject
Project("{FAE04EC0-301F-11D3-BF4B-00C04F79EFBC}") = "FakeRanksApi", "modules\CS2-LR-FakeRank\FakeRanksApi.csproj", "{18F840CD-A6D6-4C6E-852F-CE095A711B2B}"
EndProject
Project("{FAE04EC0-301F-11D3-BF4B-00C04F79EFBC}") = "LR Module - ExStats Hits", "modules\CS2-LR-ExStats-Hits\[LR] Module - ExStats Hits.csproj", "{06A5A26C-1300-4FDF-87EB-C2E235533277}"
EndProject
Project("{FAE04EC0-301F-11D3-BF4B-00C04F79EFBC}") = "LR Module - ExStats Weapons", "modules\CS2-LR-ExStats-Weapons\[LR] Module - ExStats Weapons.csproj", "{D4E80531-C351-4CF8-B4C0-A21E2CB53F7E}"
EndProject
Project("{FAE04EC0-301F-11D3-BF4B-00C04F79EFBC}") = "LR Module - Tag", "modules\CS2-LR-Module-Tag\[LR] Module - Tag.csproj", "{B381FC6B-FDC9-489A-8563-D83FA60EDC2D}"
EndProject
Project("{FAE04EC0-301F-11D3-BF4B-00C04F79EFBC}") = "LR Module - UnusualKills", "modules\CS2-LR-UnusualKills\[LR] Module - UnusualKills.csproj", "{A1B2C3D4-E5F6-4A7B-8C9D-0E1F2A3B4C5D}"
EndProject
Global
	GlobalSection(SolutionConfigurationPlatforms) = preSolution
		Debug|Any CPU = Debug|Any CPU
		Release|Any CPU = Release|Any CPU
	EndGlobalSection
	GlobalSection(ProjectConfigurationPlatforms) = postSolution
		{6B84E5A6-2841-496E-99E6-3CCF993F2E3C}.Debug|Any CPU.ActiveCfg = Debug|Any CPU
		{6B84E5A6-2841-496E-99E6-3CCF993F2E3C}.Debug|Any CPU.Build.0 = Debug|Any CPU
		{6B84E5A6-2841-496E-99E6-3CCF993F2E3C}.Release|Any CPU.ActiveCfg = Release|Any CPU
		{6B84E5A6-2841-496E-99E6-3CCF993F2E3C}.Release|Any CPU.Build.0 = Release|Any CPU
		{7F04FD75-6310-4AB5-9EEC-44C4F3CA1423}.Debug|Any CPU.ActiveCfg = Debug|Any CPU
		{7F04FD75-6310-4AB5-9EEC-44C4F3CA1423}.Debug|Any CPU.Build.0 = Debug|Any CPU
		{7F04FD75-6310-4AB5-9EEC-44C4F3CA1423}.Release|Any CPU.ActiveCfg = Release|Any CPU
		{7F04FD75-6310-4AB5-9EEC-44C4F3CA1423}.Release|Any CPU.Build.0 = Release|Any CPU
		{D9781D9B-55CC-42FB-988E-34BC0F53BEFB}.Debug|Any CPU.ActiveCfg = Debug|Any CPU
		{D9781D9B-55CC-42FB-988E-34BC0F53BEFB}.Debug|Any CPU.Build.0 = Debug|Any CPU
		{D9781D9B-55CC-42FB-988E-34BC0F53BEFB}.Release|Any CPU.ActiveCfg = Release|Any CPU
		{D9781D9B-55CC-42FB-988E-34BC0F53BEFB}.Release|Any CPU.Build.0 = Release|Any CPU
		{18F840CD-A6D6-4C6E-852F-CE095A711B2B}.Debug|Any CPU.ActiveCfg = Debug|Any CPU
		{18F840CD-A6D6-4C6E-852F-CE095A711B2B}.Debug|Any CPU.Build.0 = Debug|Any CPU
		{18F840CD-A6D6-4C6E-852F-CE095A711B2B}.Release|Any CPU.ActiveCfg = Release|Any CPU
		{18F840CD-A6D6-4C6E-852F-CE095A711B2B}.Release|Any CPU.Build.0 = Release|Any CPU
		{06A5A26C-1300-4FDF-87EB-C2E235533277}.Debug|Any CPU.ActiveCfg = Debug|Any CPU
		{06A5A26C-1300-4FDF-87EB-C2E235533277}.Debug|Any CPU.Build.0 = Debug|Any CPU
		{06A5A26C-1300-4FDF-87EB-C2E235533277}.Release|Any CPU.ActiveCfg = Release|Any CPU
		{06A5A26C-1300-4FDF-87EB-C2E235533277}.Release|Any CPU.Build.0 = Release|Any CPU
		{D4E80531-C351-4CF8-B4C0-A21E2CB53F7E}.Debug|Any CPU.ActiveCfg = Debug|Any CPU
		{D4E80531-C351-4CF8-B4C0-A21E2CB53F7E}.Debug|Any CPU.Build.0 = Debug|Any CPU
		{D4E80531-C351-4CF8-B4C0-A21E2CB53F7E}.Release|Any CPU.ActiveCfg = Release|Any CPU
		{D4E80531-C351-4CF8-B4C0-A21E2CB53F7E}.Release|Any CPU.Build.0 = Release|Any CPU
		{B381FC6B-FDC9-489A-8563-D83FA60EDC2D}.Debug|Any CPU.ActiveCfg = Debug|Any CPU
		{B381FC6B-FDC9-489A-8563-D83FA60EDC2D}.Debug|Any CPU.Build.0 = Debug|Any CPU
		{B381FC6B-FDC9-489A-8563-D83FA60EDC2D}.Release|Any CPU.ActiveCfg = Release|Any CPU
		{B381FC6B-FDC9-489A-8563-D83FA60EDC2D}.Release|Any CPU.Build.0 = Release|Any CPU
		{A1B2C3D4-E5F6-4A7B-8C9D-0E1F2A3B4C5D}.Debug|Any CPU.ActiveCfg = Debug|Any CPU
		{A1B2C3D4-E5F6-4A7B-8C9D-0E1F2A3B4C5D}.Debug|Any CPU.Build.0 = Debug|Any CPU
		{A1B2C3D4-E5F6-4A7B-8C9D-0E1F2A3B4C5D}.Release|Any CPU.ActiveCfg = Release|Any CPU
		{A1B2C3D4-E5F6-4A7B-8C9D-0E1F2A3B4C5D}.Release|Any CPU.Build.0 = Release|Any CPU
	EndGlobalSection
	GlobalSection(SolutionProperties) = preSolution
		HideSolutionNode = FALSE
	EndGlobalSection
EndGlobal
